
Microsoft Visual Studio Solution File, Format Version 12.00
# Visual Studio Version 17
VisualStudioVersion = 17.8.34511.84
MinimumVisualStudioVersion = 10.0.40219.1
Project("{F184B08F-C81C-45F6-A57F-5ABD9991F28F}") = "DailyWage", "DailyWage\DailyWage.vbproj", "{AEDABFAB-2EBB-4C9E-BF96-7E406E5A9A46}"
EndProject
Global
	GlobalSection(SolutionConfigurationPlatforms) = preSolution
		Debug|Any CPU = Debug|Any CPU
		Release|Any CPU = Release|Any CPU
	EndGlobalSection
	GlobalSection(ProjectConfigurationPlatforms) = postSolution
		{AEDABFAB-2EBB-4C9E-BF96-7E406E5A9A46}.Debug|Any CPU.ActiveCfg = Debug|Any CPU
		{AEDABFAB-2EBB-4C9E-BF96-7E406E5A9A46}.Debug|Any CPU.Build.0 = Debug|Any CPU
		{AEDABFAB-2EBB-4C9E-BF96-7E406E5A9A46}.Release|Any CPU.ActiveCfg = Release|Any CPU
		{AEDABFAB-2EBB-4C9E-BF96-7E406E5A9A46}.Release|Any CPU.Build.0 = Release|Any CPU
	EndGlobalSection
	GlobalSection(SolutionProperties) = preSolution
		HideSolutionNode = FALSE
	EndGlobalSection
	GlobalSection(ExtensibilityGlobals) = postSolution
		SolutionGuid = {41C25341-C7F6-489D-87B1-35A7B91B1898}
	EndGlobalSection
EndGlobal
